schema: '2.0'
stages:
  load_dataset:
    cmd: python ./src/data/load_dataset.py
    deps:
    - path: ./src/data/load_dataset.py
      hash: md5
      md5: dccdc2ec3cfda22db5d27b30dd6f7574
      size: 2715
    params:
      params.yaml:
        load_dataset.bucket: delivery-time-estimate-data
        load_dataset.filename: train.csv
        load_dataset.raw_data: /data/raw
    outs:
    - path: ./data/raw/train.csv
      hash: md5
      md5: 1a618965f19808eee12cdd9aac76a0dc
      size: 7776332
  make_dataset:
    cmd: python ./src/data/make_dataset.py
    deps:
    - path: ./data/raw/train.csv
      hash: md5
      md5: 1a618965f19808eee12cdd9aac76a0dc
      size: 7776332
    - path: ./src/data/make_dataset.py
      hash: md5
      md5: 1c1df82e4abed0d60960517b7396403a
      size: 2114
    params:
      params.yaml:
        make_dataset.export_path: /data/interim
        make_dataset.input_path: data/raw/train.csv
        make_dataset.seed: 42
        make_dataset.test_split: 0.2
    outs:
    - path: ./data/interim/test.csv
      hash: md5
      md5: 558cb0951a0bfbf1e461471f379873c8
      size: 1555537
    - path: ./data/interim/train.csv
      hash: md5
      md5: b9fa0322750583b38e0f0ce179731891
      size: 6221136
  feature_engineering:
    cmd: python ./src/features/feature_engineering.py
    deps:
    - path: ./data/interim/test.csv
      hash: md5
      md5: 558cb0951a0bfbf1e461471f379873c8
      size: 1555537
    - path: ./data/interim/train.csv
      hash: md5
      md5: b9fa0322750583b38e0f0ce179731891
      size: 6221136
    - path: ./src/features/feature_engineering.py
      hash: md5
      md5: fbd5d310d3a236b69889456f96bf8e10
      size: 17764
    params:
      params.yaml:
        feature_engineering.export_path: /data/processed
        feature_engineering.filename_test: processed_test
        feature_engineering.filename_train: processed_train
        feature_engineering.input_path__test: data/interim/test.csv
        feature_engineering.input_path__train: data/interim/train.csv
        feature_engineering.labels_: src/features/labels.txt
    outs:
    - path: ./data/processed/processed_test.csv
      hash: md5
      md5: 4f75b93d329d5a51cd619469c84c1820
      size: 483191
    - path: ./data/processed/processed_train.csv
      hash: md5
      md5: ae10fc577ecbf3cfe7311c1af6e59e2c
      size: 1932798
  train_model:
    cmd: python ./src/models/train_model.py
    deps:
    - path: ./data/processed/processed_test.csv
      hash: md5
      md5: 4f75b93d329d5a51cd619469c84c1820
      size: 483191
    - path: ./data/processed/processed_train.csv
      hash: md5
      md5: ae10fc577ecbf3cfe7311c1af6e59e2c
      size: 1932798
    - path: ./src/models/train_model.py
      hash: md5
      md5: 19e77eb2eec71235661cbea2f088c3d6
      size: 16692
    params:
      params.yaml:
        base.target: Time_taken(min)
        feature_engineering.export_path: /data/processed
        mlflow.repo_name: delivery-time-estm
        mlflow.repo_owner: ronylpatil
        train_model.decision_tree:
          criterion: squared_error
          max_depth: 35
          min_samples_split: 40
          min_samples_leaf: 200
          max_features: sqrt
          max_leaf_nodes: 80
        train_model.gradient_boost:
          loss: squared_error
          learning_rate: 0.2
          n_estimators: 100
          subsample: 0.6
          min_samples_split: 50
          min_weight_fraction_leaf: 0.3
          max_depth: 3
          max_features: 0.7
          max_leaf_nodes: 50
          n_iter_no_change: 13
        train_model.model_to_train: rf
        train_model.random_forest:
          n_estimators: 100
          criterion: squared_error
          max_depth: 10
          min_samples_split: 40
          min_samples_leaf: 150
          max_features: 0.7
          max_leaf_nodes: 50
          oob_score: true
          max_samples: 9000
        train_model.xgb:
          booster: gbtree
          verbosity: 0
          eta: 0.21
          gamma: 0
          max_depth: 7
          lambda: 1
          alpha: 0
    outs:
    - path: ./models/model_rf.joblib
      hash: md5
      md5: 9db60ee5ac0af303377f8d17e1fca91b
      size: 869526
